
Microsoft Visual Studio Solution File, Format Version 12.00
# Visual Studio Version 16
VisualStudioVersion = 16.0.31624.102
MinimumVisualStudioVersion = 10.0.40219.1
Project("{FAE04EC0-301F-11D3-BF4B-00C04F79EFBC}") = "Recount", "Recount\Recount.csproj", "{1CEDDD34-BD2C-426D-B364-BDBD71477007}"
EndProject
Global
	GlobalSection(SolutionConfigurationPlatforms) = preSolution
		Debug|Any CPU = Debug|Any CPU
		Release|Any CPU = Release|Any CPU
	EndGlobalSection
	GlobalSection(ProjectConfigurationPlatforms) = postSolution
		{1CEDDD34-BD2C-426D-B364-BDBD71477007}.Debug|Any CPU.ActiveCfg = Debug|Any CPU
		{1CEDDD34-BD2C-426D-B364-BDBD71477007}.Debug|Any CPU.Build.0 = Debug|Any CPU
		{1CEDDD34-BD2C-426D-B364-BDBD71477007}.Release|Any CPU.ActiveCfg = Release|Any CPU
		{1CEDDD34-BD2C-426D-B364-BDBD71477007}.Release|Any CPU.Build.0 = Release|Any CPU
	EndGlobalSection
	GlobalSection(SolutionProperties) = preSolution
		HideSolutionNode = FALSE
	EndGlobalSection
	GlobalSection(ExtensibilityGlobals) = postSolution
		SolutionGuid = {15040E9B-F690-456A-9AB9-894789911BE4}
	EndGlobalSection
EndGlobal
